
Microsoft Visual Studio Solution File, Format Version 12.00
# Visual Studio Version 16
VisualStudioVersion = 16.0.31129.286
MinimumVisualStudioVersion = 10.0.40219.1
Project("{FAE04EC0-301F-11D3-BF4B-00C04F79EFBC}") = "ChatBotXaml", "ChatBotXaml\ChatBotXaml.csproj", "{64762AB5-4364-4641-904B-9E2EDA7C3A5D}"
EndProject
Project("{2150E333-8FDC-42A3-9474-1A3956D46DE8}") = "Solution Items", "Solution Items", "{7A203069-7AEB-4D5F-8155-6A9D544BD3B6}"
EndProject
Global
	GlobalSection(SolutionConfigurationPlatforms) = preSolution
		Debug|Any CPU = Debug|Any CPU
		Release|Any CPU = Release|Any CPU
	EndGlobalSection
	GlobalSection(ProjectConfigurationPlatforms) = postSolution
		{64762AB5-4364-4641-904B-9E2EDA7C3A5D}.Debug|Any CPU.ActiveCfg = Debug|Any CPU
		{64762AB5-4364-4641-904B-9E2EDA7C3A5D}.Debug|Any CPU.Build.0 = Debug|Any CPU
		{64762AB5-4364-4641-904B-9E2EDA7C3A5D}.Release|Any CPU.ActiveCfg = Release|Any CPU
		{64762AB5-4364-4641-904B-9E2EDA7C3A5D}.Release|Any CPU.Build.0 = Release|Any CPU
	EndGlobalSection
	GlobalSection(SolutionProperties) = preSolution
		HideSolutionNode = FALSE
	EndGlobalSection
	GlobalSection(ExtensibilityGlobals) = postSolution
		SolutionGuid = {F9D30F4A-58C5-4C0B-A11C-F1DCA01B0A08}
	EndGlobalSection
EndGlobal
